
Microsoft Visual Studio Solution File, Format Version 12.00
# Visual Studio Version 17
VisualStudioVersion = 17.11.35222.181
MinimumVisualStudioVersion = 10.0.40219.1
Project("{FAE04EC0-301F-11D3-BF4B-00C04F79EFBC}") = "RestaurantSystem", "RestaurantSystem\RestaurantSystem.csproj", "{9C9BC2B6-1215-4C41-9C2A-05A3721A6FA6}"
EndProject
Global
	GlobalSection(SolutionConfigurationPlatforms) = preSolution
		Debug|Any CPU = Debug|Any CPU
		Release|Any CPU = Release|Any CPU
	EndGlobalSection
	GlobalSection(ProjectConfigurationPlatforms) = postSolution
		{9C9BC2B6-1215-4C41-9C2A-05A3721A6FA6}.Debug|Any CPU.ActiveCfg = Debug|Any CPU
		{9C9BC2B6-1215-4C41-9C2A-05A3721A6FA6}.Debug|Any CPU.Build.0 = Debug|Any CPU
		{9C9BC2B6-1215-4C41-9C2A-05A3721A6FA6}.Release|Any CPU.ActiveCfg = Release|Any CPU
		{9C9BC2B6-1215-4C41-9C2A-05A3721A6FA6}.Release|Any CPU.Build.0 = Release|Any CPU
	EndGlobalSection
	GlobalSection(SolutionProperties) = preSolution
		HideSolutionNode = FALSE
	EndGlobalSection
	GlobalSection(ExtensibilityGlobals) = postSolution
		SolutionGuid = {D394058A-D9D3-478E-B66A-AE098101BAEB}
	EndGlobalSection
EndGlobal
