
Microsoft Visual Studio Solution File, Format Version 12.00
# Visual Studio Version 17
VisualStudioVersion = 17.11.35222.181
MinimumVisualStudioVersion = 10.0.40219.1
Project("{FAE04EC0-301F-11D3-BF4B-00C04F79EFBC}") = "DeliverySystem", "DeliverySystem\DeliverySystem.csproj", "{AFA3BA1D-BB8B-4576-9EC7-2F8A28DF682F}"
EndProject
Project("{9A19103F-16F7-4668-BE54-9A1E7A4F7556}") = "DeliverySystem.Tests", "DeliverySystem.Tests\DeliverySystem.Tests.csproj", "{CC0F9896-EFAC-4A08-9028-0080D61AB0BA}"
EndProject
Global
	GlobalSection(SolutionConfigurationPlatforms) = preSolution
		Debug|Any CPU = Debug|Any CPU
		Release|Any CPU = Release|Any CPU
	EndGlobalSection
	GlobalSection(ProjectConfigurationPlatforms) = postSolution
		{AFA3BA1D-BB8B-4576-9EC7-2F8A28DF682F}.Debug|Any CPU.ActiveCfg = Debug|Any CPU
		{AFA3BA1D-BB8B-4576-9EC7-2F8A28DF682F}.Debug|Any CPU.Build.0 = Debug|Any CPU
		{AFA3BA1D-BB8B-4576-9EC7-2F8A28DF682F}.Release|Any CPU.ActiveCfg = Release|Any CPU
		{AFA3BA1D-BB8B-4576-9EC7-2F8A28DF682F}.Release|Any CPU.Build.0 = Release|Any CPU
		{CC0F9896-EFAC-4A08-9028-0080D61AB0BA}.Debug|Any CPU.ActiveCfg = Debug|Any CPU
		{CC0F9896-EFAC-4A08-9028-0080D61AB0BA}.Debug|Any CPU.Build.0 = Debug|Any CPU
		{CC0F9896-EFAC-4A08-9028-0080D61AB0BA}.Release|Any CPU.ActiveCfg = Release|Any CPU
		{CC0F9896-EFAC-4A08-9028-0080D61AB0BA}.Release|Any CPU.Build.0 = Release|Any CPU
	EndGlobalSection
	GlobalSection(SolutionProperties) = preSolution
		HideSolutionNode = FALSE
	EndGlobalSection
	GlobalSection(ExtensibilityGlobals) = postSolution
		SolutionGuid = {6584F11F-31DE-41E5-967D-DF5B7B1D7BA9}
	EndGlobalSection
EndGlobal
